
Microsoft Visual Studio Solution File, Format Version 12.00
# Visual Studio Version 17
VisualStudioVersion = 17.6.33712.159
MinimumVisualStudioVersion = 10.0.40219.1
Project("{8BC9CEB8-8B4A-11D0-8D11-00A0C91BC942}") = "Day9_SimilarityChecker", "Day9_SimilarityChecker\Day9_SimilarityChecker.vcxproj", "{A0921F1F-F451-47FB-AF9E-DCCF94F09108}"
EndProject
Project("{8BC9CEB8-8B4A-11D0-8D11-00A0C91BC942}") = "Sample-Test1", "Sample-Test1\Sample-Test1.vcxproj", "{0FF0C008-9E72-4CD3-90CF-E608BFB87804}"
EndProject
Project("{2150E333-8FDC-42A3-9474-1A3956D46DE8}") = "솔루션 항목", "솔루션 항목", "{2F7DCAEF-BBBE-4954-874B-280DCE9B3C65}"
	ProjectSection(SolutionItems) = preProject
		.gitignore = .gitignore
		README.md = README.md
	EndProjectSection
EndProject
Global
	GlobalSection(SolutionConfigurationPlatforms) = preSolution
		Debug|x64 = Debug|x64
		Debug|x86 = Debug|x86
		Release|x64 = Release|x64
		Release|x86 = Release|x86
	EndGlobalSection
	GlobalSection(ProjectConfigurationPlatforms) = postSolution
		{A0921F1F-F451-47FB-AF9E-DCCF94F09108}.Debug|x64.ActiveCfg = Debug|x64
		{A0921F1F-F451-47FB-AF9E-DCCF94F09108}.Debug|x64.Build.0 = Debug|x64
		{A0921F1F-F451-47FB-AF9E-DCCF94F09108}.Debug|x86.ActiveCfg = Debug|Win32
		{A0921F1F-F451-47FB-AF9E-DCCF94F09108}.Debug|x86.Build.0 = Debug|Win32
		{A0921F1F-F451-47FB-AF9E-DCCF94F09108}.Release|x64.ActiveCfg = Release|x64
		{A0921F1F-F451-47FB-AF9E-DCCF94F09108}.Release|x64.Build.0 = Release|x64
		{A0921F1F-F451-47FB-AF9E-DCCF94F09108}.Release|x86.ActiveCfg = Release|Win32
		{A0921F1F-F451-47FB-AF9E-DCCF94F09108}.Release|x86.Build.0 = Release|Win32
		{0FF0C008-9E72-4CD3-90CF-E608BFB87804}.Debug|x64.ActiveCfg = Debug|x64
		{0FF0C008-9E72-4CD3-90CF-E608BFB87804}.Debug|x64.Build.0 = Debug|x64
		{0FF0C008-9E72-4CD3-90CF-E608BFB87804}.Debug|x86.ActiveCfg = Debug|Win32
		{0FF0C008-9E72-4CD3-90CF-E608BFB87804}.Debug|x86.Build.0 = Debug|Win32
		{0FF0C008-9E72-4CD3-90CF-E608BFB87804}.Release|x64.ActiveCfg = Release|x64
		{0FF0C008-9E72-4CD3-90CF-E608BFB87804}.Release|x64.Build.0 = Release|x64
		{0FF0C008-9E72-4CD3-90CF-E608BFB87804}.Release|x86.ActiveCfg = Release|Win32
		{0FF0C008-9E72-4CD3-90CF-E608BFB87804}.Release|x86.Build.0 = Release|Win32
	EndGlobalSection
	GlobalSection(SolutionProperties) = preSolution
		HideSolutionNode = FALSE
	EndGlobalSection
	GlobalSection(ExtensibilityGlobals) = postSolution
		SolutionGuid = {69139E0F-9F70-421F-AC2F-E3276194B14E}
	EndGlobalSection
EndGlobal
